// !$*UTF8*$!
{
	archiveVersion = 1;
	classes = {
	};
	objectVersion = 55;
	objects = {

/* Begin PBXBuildFile section */
		2A2A9C7227678B000006C500 /* EntryPoint.swift in Sources */ = {isa = PBXBuildFile; fileRef = 2A2A9C7127678B000006C500 /* EntryPoint.swift */; };
		2A2A9C7D27678E3B0006C500 /* ConfigurationModel.swift in Sources */ = {isa = PBXBuildFile; fileRef = 2A2A9C7C27678E3B0006C500 /* ConfigurationModel.swift */; };
		2A2A9C7F27678ECF0006C500 /* VirtualMachine.swift in Sources */ = {isa = PBXBuildFile; fileRef = 2A2A9C7E27678ECF0006C500 /* VirtualMachine.swift */; };
		2A3190CA276972CE00D4B154 /* ConfigurationBuilder.swift in Sources */ = {isa = PBXBuildFile; fileRef = 2A3190C9276972CE00D4B154 /* ConfigurationBuilder.swift */; };
		2A4EEF0A2768FC7300E7FA9F /* WireModel.swift in Sources */ = {isa = PBXBuildFile; fileRef = 2A4EEF092768FC7300E7FA9F /* WireModel.swift */; };
		2A4EEF0C27690E9A00E7FA9F /* ViewerApplication.swift in Sources */ = {isa = PBXBuildFile; fileRef = 2A4EEF0B27690E9A00E7FA9F /* ViewerApplication.swift */; };
		2A7518EC276EAC560032FC8B /* TerminalMode.swift in Sources */ = {isa = PBXBuildFile; fileRef = 2A7518EB276EAC560032FC8B /* TerminalMode.swift */; };
		2AAE43B227E9B4F0005A8EE0 /* CannedMac.swift in Sources */ = {isa = PBXBuildFile; fileRef = 2AAE43B127E9B4F0005A8EE0 /* CannedMac.swift */; };
		2AD7152227EE151E00EDD14E /* VirtualizationPrivate.swift in Sources */ = {isa = PBXBuildFile; fileRef = 2AD7152127EE151E00EDD14E /* VirtualizationPrivate.swift */; };
		FA53C98E2C181FEF005FEEFC /* ArgumentParser in Frameworks */ = {isa = PBXBuildFile; productRef = FA53C98D2C181FEF005FEEFC /* ArgumentParser */; };
/* End PBXBuildFile section */

/* Begin PBXCopyFilesBuildPhase section */
		2A2A9C6C27678B000006C500 /* CopyFiles */ = {
			isa = PBXCopyFilesBuildPhase;
			buildActionMask = 2147483647;
			dstPath = /usr/share/man/man1/;
			dstSubfolderSpec = 0;
			files = (
			);
			runOnlyForDeploymentPostprocessing = 1;
		};
/* End PBXCopyFilesBuildPhase section */

/* Begin PBXFileReference section */
		2A2A9C6E27678B000006C500 /* diavirt */ = {isa = PBXFileReference; explicitFileType = "compiled.mach-o.executable"; includeInIndex = 0; path = diavirt; sourceTree = BUILT_PRODUCTS_DIR; };
		2A2A9C7127678B000006C500 /* EntryPoint.swift */ = {isa = PBXFileReference; lastKnownFileType = sourcecode.swift; path = EntryPoint.swift; sourceTree = "<group>"; };
		2A2A9C7827678B340006C500 /* diavirt.entitlements */ = {isa = PBXFileReference; lastKnownFileType = text.plist.entitlements; path = diavirt.entitlements; sourceTree = "<group>"; };
		2A2A9C7C27678E3B0006C500 /* ConfigurationModel.swift */ = {isa = PBXFileReference; lastKnownFileType = sourcecode.swift; path = ConfigurationModel.swift; sourceTree = "<group>"; };
		2A2A9C7E27678ECF0006C500 /* VirtualMachine.swift */ = {isa = PBXFileReference; lastKnownFileType = sourcecode.swift; path = VirtualMachine.swift; sourceTree = "<group>"; };
		2A3190C9276972CE00D4B154 /* ConfigurationBuilder.swift */ = {isa = PBXFileReference; lastKnownFileType = sourcecode.swift; path = ConfigurationBuilder.swift; sourceTree = "<group>"; };
		2A3190CB2769733800D4B154 /* LICENSE */ = {isa = PBXFileReference; lastKnownFileType = text; path = LICENSE; sourceTree = "<group>"; };
		2A3190CC2769733D00D4B154 /* README.md */ = {isa = PBXFileReference; lastKnownFileType = net.daringfireball.markdown; path = README.md; sourceTree = "<group>"; };
		2A4EEF092768FC7300E7FA9F /* WireModel.swift */ = {isa = PBXFileReference; lastKnownFileType = sourcecode.swift; path = WireModel.swift; sourceTree = "<group>"; };
		2A4EEF0B27690E9A00E7FA9F /* ViewerApplication.swift */ = {isa = PBXFileReference; lastKnownFileType = sourcecode.swift; path = ViewerApplication.swift; sourceTree = "<group>"; };
		2A7518EB276EAC560032FC8B /* TerminalMode.swift */ = {isa = PBXFileReference; lastKnownFileType = sourcecode.swift; path = TerminalMode.swift; sourceTree = "<group>"; };
		2AAE43B127E9B4F0005A8EE0 /* CannedMac.swift */ = {isa = PBXFileReference; lastKnownFileType = sourcecode.swift; path = CannedMac.swift; sourceTree = "<group>"; };
		2AD7152127EE151E00EDD14E /* VirtualizationPrivate.swift */ = {isa = PBXFileReference; lastKnownFileType = sourcecode.swift; path = VirtualizationPrivate.swift; sourceTree = "<group>"; };
/* End PBXFileReference section */

/* Begin PBXFrameworksBuildPhase section */
		2A2A9C6B27678B000006C500 /* Frameworks */ = {
			isa = PBXFrameworksBuildPhase;
			buildActionMask = 2147483647;
			files = (
				FA53C98E2C181FEF005FEEFC /* ArgumentParser in Frameworks */,
			);
			runOnlyForDeploymentPostprocessing = 0;
		};
/* End PBXFrameworksBuildPhase section */

/* Begin PBXGroup section */
		2A2A9C6527678B000006C500 = {
			isa = PBXGroup;
			children = (
				2A3190CB2769733800D4B154 /* LICENSE */,
				2A3190CC2769733D00D4B154 /* README.md */,
				2A2A9C6F27678B000006C500 /* Products */,
				2ACB7340276C8A7700DCB577 /* Sources */,
			);
			sourceTree = "<group>";
		};
		2A2A9C6F27678B000006C500 /* Products */ = {
			isa = PBXGroup;
			children = (
				2A2A9C6E27678B000006C500 /* diavirt */,
			);
			name = Products;
			sourceTree = "<group>";
		};
		2A2A9C7027678B000006C500 /* diavirt */ = {
			isa = PBXGroup;
			children = (
				2A2A9C7827678B340006C500 /* diavirt.entitlements */,
				2A3190C9276972CE00D4B154 /* ConfigurationBuilder.swift */,
				2A2A9C7C27678E3B0006C500 /* ConfigurationModel.swift */,
				2A2A9C7127678B000006C500 /* EntryPoint.swift */,
				2A7518EB276EAC560032FC8B /* TerminalMode.swift */,
				2A4EEF0B27690E9A00E7FA9F /* ViewerApplication.swift */,
				2A2A9C7E27678ECF0006C500 /* VirtualMachine.swift */,
				2A4EEF092768FC7300E7FA9F /* WireModel.swift */,
				2AAE43B127E9B4F0005A8EE0 /* CannedMac.swift */,
				2AD7152127EE151E00EDD14E /* VirtualizationPrivate.swift */,
			);
			path = diavirt;
			sourceTree = "<group>";
		};
		2ACB7340276C8A7700DCB577 /* Sources */ = {
			isa = PBXGroup;
			children = (
				2A2A9C7027678B000006C500 /* diavirt */,
			);
			path = Sources;
			sourceTree = "<group>";
		};
/* End PBXGroup section */

/* Begin PBXNativeTarget section */
		2A2A9C6D27678B000006C500 /* diavirt */ = {
			isa = PBXNativeTarget;
			buildConfigurationList = 2A2A9C7527678B000006C500 /* Build configuration list for PBXNativeTarget "diavirt" */;
			buildPhases = (
				2A2A9C6A27678B000006C500 /* Sources */,
				2A2A9C6B27678B000006C500 /* Frameworks */,
				2A2A9C6C27678B000006C500 /* CopyFiles */,
			);
			buildRules = (
			);
			dependencies = (
			);
			name = diavirt;
			packageProductDependencies = (
				FA53C98D2C181FEF005FEEFC /* ArgumentParser */,
			);
			productName = diavirt;
			productReference = 2A2A9C6E27678B000006C500 /* diavirt */;
			productType = "com.apple.product-type.tool";
		};
/* End PBXNativeTarget section */

/* Begin PBXProject section */
		2A2A9C6627678B000006C500 /* Project object */ = {
			isa = PBXProject;
			attributes = {
				BuildIndependentTargetsInParallel = 1;
				LastSwiftUpdateCheck = 1310;
				LastUpgradeCheck = 1500;
				TargetAttributes = {
					2A2A9C6D27678B000006C500 = {
						CreatedOnToolsVersion = 13.1;
					};
				};
			};
			buildConfigurationList = 2A2A9C6927678B000006C500 /* Build configuration list for PBXProject "diavirt" */;
			compatibilityVersion = "Xcode 13.0";
			developmentRegion = en;
			hasScannedForEncodings = 0;
			knownRegions = (
				en,
				Base,
			);
			mainGroup = 2A2A9C6527678B000006C500;
			packageReferences = (
				FA53C98C2C181FEF005FEEFC /* XCRemoteSwiftPackageReference "swift-argument-parser" */,
			);
			productRefGroup = 2A2A9C6F27678B000006C500 /* Products */;
			projectDirPath = "";
			projectRoot = "";
			targets = (
				2A2A9C6D27678B000006C500 /* diavirt */,
			);
		};
/* End PBXProject section */

/* Begin PBXSourcesBuildPhase section */
		2A2A9C6A27678B000006C500 /* Sources */ = {
			isa = PBXSourcesBuildPhase;
			buildActionMask = 2147483647;
			files = (
				2A2A9C7227678B000006C500 /* EntryPoint.swift in Sources */,
				2A2A9C7F27678ECF0006C500 /* VirtualMachine.swift in Sources */,
				2A3190CA276972CE00D4B154 /* ConfigurationBuilder.swift in Sources */,
				2A4EEF0C27690E9A00E7FA9F /* ViewerApplication.swift in Sources */,
				2AAE43B227E9B4F0005A8EE0 /* CannedMac.swift in Sources */,
				2AD7152227EE151E00EDD14E /* VirtualizationPrivate.swift in Sources */,
				2A7518EC276EAC560032FC8B /* TerminalMode.swift in Sources */,
				2A4EEF0A2768FC7300E7FA9F /* WireModel.swift in Sources */,
				2A2A9C7D27678E3B0006C500 /* ConfigurationModel.swift in Sources */,
			);
			runOnlyForDeploymentPostprocessing = 0;
		};
/* End PBXSourcesBuildPhase section */

/* Begin XCBuildConfiguration section */
		2A2A9C7327678B000006C500 /* Debug */ = {
			isa = XCBuildConfiguration;
			buildSettings = {
				ALWAYS_SEARCH_USER_PATHS = NO;
				ASSETCATALOG_COMPILER_GENERATE_SWIFT_ASSET_SYMBOL_EXTENSIONS = YES;
				CLANG_ANALYZER_NONNULL = YES;
				CLANG_ANALYZER_NUMBER_OBJECT_CONVERSION = YES_AGGRESSIVE;
				CLANG_CXX_LANGUAGE_STANDARD = "gnu++17";
				CLANG_CXX_LIBRARY = "libc++";
				CLANG_ENABLE_MODULES = YES;
				CLANG_ENABLE_OBJC_ARC = YES;
				CLANG_ENABLE_OBJC_WEAK = YES;
				CLANG_WARN_BLOCK_CAPTURE_AUTORELEASING = YES;
				CLANG_WARN_BOOL_CONVERSION = YES;
				CLANG_WARN_COMMA = YES;
				CLANG_WARN_CONSTANT_CONVERSION = YES;
				CLANG_WARN_DEPRECATED_OBJC_IMPLEMENTATIONS = YES;
				CLANG_WARN_DIRECT_OBJC_ISA_USAGE = YES_ERROR;
				CLANG_WARN_DOCUMENTATION_COMMENTS = YES;
				CLANG_WARN_EMPTY_BODY = YES;
				CLANG_WARN_ENUM_CONVERSION = YES;
				CLANG_WARN_INFINITE_RECURSION = YES;
				CLANG_WARN_INT_CONVERSION = YES;
				CLANG_WARN_NON_LITERAL_NULL_CONVERSION = YES;
				CLANG_WARN_OBJC_IMPLICIT_RETAIN_SELF = YES;
				CLANG_WARN_OBJC_LITERAL_CONVERSION = YES;
				CLANG_WARN_OBJC_ROOT_CLASS = YES_ERROR;
				CLANG_WARN_QUOTED_INCLUDE_IN_FRAMEWORK_HEADER = YES;
				CLANG_WARN_RANGE_LOOP_ANALYSIS = YES;
				CLANG_WARN_STRICT_PROTOTYPES = YES;
				CLANG_WARN_SUSPICIOUS_MOVE = YES;
				CLANG_WARN_UNGUARDED_AVAILABILITY = YES_AGGRESSIVE;
				CLANG_WARN_UNREACHABLE_CODE = YES;
				CLANG_WARN__DUPLICATE_METHOD_MATCH = YES;
				COPY_PHASE_STRIP = NO;
				DEAD_CODE_STRIPPING = YES;
				DEBUG_INFORMATION_FORMAT = dwarf;
				ENABLE_STRICT_OBJC_MSGSEND = YES;
				ENABLE_TESTABILITY = YES;
				ENABLE_USER_SCRIPT_SANDBOXING = YES;
				GCC_C_LANGUAGE_STANDARD = gnu11;
				GCC_DYNAMIC_NO_PIC = NO;
				GCC_NO_COMMON_BLOCKS = YES;
				GCC_OPTIMIZATION_LEVEL = 0;
				GCC_PREPROCESSOR_DEFINITIONS = (
					"DEBUG=1",
					"$(inherited)",
				);
				GCC_WARN_64_TO_32_BIT_CONVERSION = YES;
				GCC_WARN_ABOUT_RETURN_TYPE = YES_ERROR;
				GCC_WARN_UNDECLARED_SELECTOR = YES;
				GCC_WARN_UNINITIALIZED_AUTOS = YES_AGGRESSIVE;
				GCC_WARN_UNUSED_FUNCTION = YES;
				GCC_WARN_UNUSED_VARIABLE = YES;
				MACOSX_DEPLOYMENT_TARGET = 14.0;
				MTL_ENABLE_DEBUG_INFO = INCLUDE_SOURCE;
				MTL_FAST_MATH = YES;
				ONLY_ACTIVE_ARCH = YES;
				SDKROOT = macosx;
				SWIFT_ACTIVE_COMPILATION_CONDITIONS = DEBUG;
				SWIFT_OPTIMIZATION_LEVEL = "-Onone";
			};
			name = Debug;
		};
		2A2A9C7427678B000006C500 /* Release */ = {
			isa = XCBuildConfiguration;
			buildSettings = {
				ALWAYS_SEARCH_USER_PATHS = NO;
				ASSETCATALOG_COMPILER_GENERATE_SWIFT_ASSET_SYMBOL_EXTENSIONS = YES;
				CLANG_ANALYZER_NONNULL = YES;
				CLANG_ANALYZER_NUMBER_OBJECT_CONVERSION = YES_AGGRESSIVE;
				CLANG_CXX_LANGUAGE_STANDARD = "gnu++17";
				CLANG_CXX_LIBRARY = "libc++";
				CLANG_ENABLE_MODULES = YES;
				CLANG_ENABLE_OBJC_ARC = YES;
				CLANG_ENABLE_OBJC_WEAK = YES;
				CLANG_WARN_BLOCK_CAPTURE_AUTORELEASING = YES;
				CLANG_WARN_BOOL_CONVERSION = YES;
				CLANG_WARN_COMMA = YES;
				CLANG_WARN_CONSTANT_CONVERSION = YES;
				CLANG_WARN_DEPRECATED_OBJC_IMPLEMENTATIONS = YES;
				CLANG_WARN_DIRECT_OBJC_ISA_USAGE = YES_ERROR;
				CLANG_WARN_DOCUMENTATION_COMMENTS = YES;
				CLANG_WARN_EMPTY_BODY = YES;
				CLANG_WARN_ENUM_CONVERSION = YES;
				CLANG_WARN_INFINITE_RECURSION = YES;
				CLANG_WARN_INT_CONVERSION = YES;
				CLANG_WARN_NON_LITERAL_NULL_CONVERSION = YES;
				CLANG_WARN_OBJC_IMPLICIT_RETAIN_SELF = YES;
				CLANG_WARN_OBJC_LITERAL_CONVERSION = YES;
				CLANG_WARN_OBJC_ROOT_CLASS = YES_ERROR;
				CLANG_WARN_QUOTED_INCLUDE_IN_FRAMEWORK_HEADER = YES;
				CLANG_WARN_RANGE_LOOP_ANALYSIS = YES;
				CLANG_WARN_STRICT_PROTOTYPES = YES;
				CLANG_WARN_SUSPICIOUS_MOVE = YES;
				CLANG_WARN_UNGUARDED_AVAILABILITY = YES_AGGRESSIVE;
				CLANG_WARN_UNREACHABLE_CODE = YES;
				CLANG_WARN__DUPLICATE_METHOD_MATCH = YES;
				COPY_PHASE_STRIP = NO;
				DEAD_CODE_STRIPPING = YES;
				DEBUG_INFORMATION_FORMAT = "dwarf-with-dsym";
				ENABLE_NS_ASSERTIONS = NO;
				ENABLE_STRICT_OBJC_MSGSEND = YES;
				ENABLE_USER_SCRIPT_SANDBOXING = YES;
				GCC_C_LANGUAGE_STANDARD = gnu11;
				GCC_NO_COMMON_BLOCKS = YES;
				GCC_WARN_64_TO_32_BIT_CONVERSION = YES;
				GCC_WARN_ABOUT_RETURN_TYPE = YES_ERROR;
				GCC_WARN_UNDECLARED_SELECTOR = YES;
				GCC_WARN_UNINITIALIZED_AUTOS = YES_AGGRESSIVE;
				GCC_WARN_UNUSED_FUNCTION = YES;
				GCC_WARN_UNUSED_VARIABLE = YES;
				MACOSX_DEPLOYMENT_TARGET = 14.0;
				MTL_ENABLE_DEBUG_INFO = NO;
				MTL_FAST_MATH = YES;
				SDKROOT = macosx;
				SWIFT_COMPILATION_MODE = wholemodule;
				SWIFT_OPTIMIZATION_LEVEL = "-O";
			};
			name = Release;
		};
		2A2A9C7627678B000006C500 /* Debug */ = {
			isa = XCBuildConfiguration;
			buildSettings = {
				ARCHS = "$(ARCHS_STANDARD)";
				CODE_SIGN_ENTITLEMENTS = Sources/diavirt/diavirt.entitlements;
				CODE_SIGN_IDENTITY = "Apple Development";
				CODE_SIGN_STYLE = Automatic;
				DEAD_CODE_STRIPPING = YES;
				DEVELOPMENT_TEAM = 3FQW5YTQR8;
				ENABLE_HARDENED_RUNTIME = YES;
				MACOSX_DEPLOYMENT_TARGET = 14.0;
				OTHER_SWIFT_FLAGS = "-D DIAVIRT_USE_PRIVATE_APIS";
				PRODUCT_BUNDLE_IDENTIFIER = gay.pizza.diavirt;
				PRODUCT_NAME = "$(TARGET_NAME)";
				SWIFT_VERSION = 5.0;
			};
			name = Debug;
		};
		2A2A9C7727678B000006C500 /* Release */ = {
			isa = XCBuildConfiguration;
			buildSettings = {
				ARCHS = "$(ARCHS_STANDARD)";
				CODE_SIGN_ENTITLEMENTS = Sources/diavirt/diavirt.entitlements;
				CODE_SIGN_IDENTITY = "Apple Development";
				CODE_SIGN_STYLE = Automatic;
				DEAD_CODE_STRIPPING = YES;
				DEVELOPMENT_TEAM = 3FQW5YTQR8;
				ENABLE_HARDENED_RUNTIME = YES;
				MACOSX_DEPLOYMENT_TARGET = 14.0;
				OTHER_SWIFT_FLAGS = "-D DIAVIRT_USE_PRIVATE_APIS";
				PRODUCT_BUNDLE_IDENTIFIER = gay.pizza.diavirt;
				PRODUCT_NAME = "$(TARGET_NAME)";
				PROVISIONING_PROFILE_SPECIFIER = "";
				SWIFT_VERSION = 5.0;
			};
			name = Release;
		};
/* End XCBuildConfiguration section */

/* Begin XCConfigurationList section */
		2A2A9C6927678B000006C500 /* Build configuration list for PBXProject "diavirt" */ = {
			isa = XCConfigurationList;
			buildConfigurations = (
				2A2A9C7327678B000006C500 /* Debug */,
				2A2A9C7427678B000006C500 /* Release */,
			);
			defaultConfigurationIsVisible = 0;
			defaultConfigurationName = Release;
		};
		2A2A9C7527678B000006C500 /* Build configuration list for PBXNativeTarget "diavirt" */ = {
			isa = XCConfigurationList;
			buildConfigurations = (
				2A2A9C7627678B000006C500 /* Debug */,
				2A2A9C7727678B000006C500 /* Release */,
			);
			defaultConfigurationIsVisible = 0;
			defaultConfigurationName = Release;
		};
/* End XCConfigurationList section */

/* Begin XCRemoteSwiftPackageReference section */
		FA53C98C2C181FEF005FEEFC /* XCRemoteSwiftPackageReference "swift-argument-parser" */ = {
			isa = XCRemoteSwiftPackageReference;
			repositoryURL = "https://github.com/apple/swift-argument-parser.git";
			requirement = {
				kind = upToNextMajorVersion;
				minimumVersion = 1.4.0;
			};
		};
/* End XCRemoteSwiftPackageReference section */

/* Begin XCSwiftPackageProductDependency section */
		FA53C98D2C181FEF005FEEFC /* ArgumentParser */ = {
			isa = XCSwiftPackageProductDependency;
			package = FA53C98C2C181FEF005FEEFC /* XCRemoteSwiftPackageReference "swift-argument-parser" */;
			productName = ArgumentParser;
		};
/* End XCSwiftPackageProductDependency section */
	};
	rootObject = 2A2A9C6627678B000006C500 /* Project object */;
}
